
Microsoft Visual Studio Solution File, Format Version 12.00
# Visual Studio Version 17
VisualStudioVersion = 17.1.32328.378
MinimumVisualStudioVersion = 10.0.40219.1
Project("{9A19103F-16F7-4668-BE54-9A1E7A4F7556}") = "WpfApp2", "WpfApp2\WpfApp2.csproj", "{FFB3B488-9AC4-46E5-B49A-EED3FD3E53E6}"
EndProject
Global
	GlobalSection(SolutionConfigurationPlatforms) = preSolution
		Debug|Any CPU = Debug|Any CPU
		Release|Any CPU = Release|Any CPU
	EndGlobalSection
	GlobalSection(ProjectConfigurationPlatforms) = postSolution
		{FFB3B488-9AC4-46E5-B49A-EED3FD3E53E6}.Debug|Any CPU.ActiveCfg = Debug|Any CPU
		{FFB3B488-9AC4-46E5-B49A-EED3FD3E53E6}.Debug|Any CPU.Build.0 = Debug|Any CPU
		{FFB3B488-9AC4-46E5-B49A-EED3FD3E53E6}.Release|Any CPU.ActiveCfg = Release|Any CPU
		{FFB3B488-9AC4-46E5-B49A-EED3FD3E53E6}.Release|Any CPU.Build.0 = Release|Any CPU
	EndGlobalSection
	GlobalSection(SolutionProperties) = preSolution
		HideSolutionNode = FALSE
	EndGlobalSection
	GlobalSection(ExtensibilityGlobals) = postSolution
		SolutionGuid = {FB4CEF81-B35C-4A8D-87FF-C7C4CC566EF5}
	EndGlobalSection
EndGlobal
